
Microsoft Visual Studio Solution File, Format Version 12.00
# Visual Studio 15
Project("{FAE04EC0-301F-11D3-BF4B-00C04F79EFBC}") = "class2-1", "class2-1\class2-1.csproj", "{F2832C75-296D-4EBF-BD7D-ADB477931BAB}"
EndProject
Global
	GlobalSection(SolutionConfigurationPlatforms) = preSolution
		Debug|anycpu = Debug|anycpu
		Release|anycpu = Release|anycpu
	EndGlobalSection
	GlobalSection(ProjectConfigurationPlatforms) = postSolution
		{F2832C75-296D-4EBF-BD7D-ADB477931BAB}.Debug|anycpu.ActiveCfg = Debug|anycpu
		{F2832C75-296D-4EBF-BD7D-ADB477931BAB}.Debug|anycpu.Build.0 = Debug|anycpu
		{F2832C75-296D-4EBF-BD7D-ADB477931BAB}.Release|anycpu.ActiveCfg = Release|anycpu
		{F2832C75-296D-4EBF-BD7D-ADB477931BAB}.Release|anycpu.Build.0 = Release|anycpu
	EndGlobalSection
EndGlobal
